// !$*UTF8*$!
{
	archiveVersion = 1;
	classes = {
	};
	objectVersion = 46;
	objects = {

/* Begin PBXBuildFile section */
		D35B62BA1CF701A400622D03 /* main.m in Sources */ = {isa = PBXBuildFile; fileRef = D35B62B91CF701A400622D03 /* main.m */; };
		D35B62BD1CF701A400622D03 /* AppDelegate.m in Sources */ = {isa = PBXBuildFile; fileRef = D35B62BC1CF701A400622D03 /* AppDelegate.m */; };
		D35B62C01CF701A400622D03 /* ViewController.m in Sources */ = {isa = PBXBuildFile; fileRef = D35B62BF1CF701A400622D03 /* ViewController.m */; };
		D35B62C31CF701A400622D03 /* Main.storyboard in Resources */ = {isa = PBXBuildFile; fileRef = D35B62C11CF701A400622D03 /* Main.storyboard */; };
		D35B62C61CF701A400622D03 /* LocalPush.xcdatamodeld in Sources */ = {isa = PBXBuildFile; fileRef = D35B62C41CF701A400622D03 /* LocalPush.xcdatamodeld */; };
		D35B62C81CF701A400622D03 /* Assets.xcassets in Resources */ = {isa = PBXBuildFile; fileRef = D35B62C71CF701A400622D03 /* Assets.xcassets */; };
		D35B62CB1CF701A400622D03 /* LaunchScreen.storyboard in Resources */ = {isa = PBXBuildFile; fileRef = D35B62C91CF701A400622D03 /* LaunchScreen.storyboard */; };
		D35B62D81CF701E800622D03 /* LocalPushManager.m in Sources */ = {isa = PBXBuildFile; fileRef = D35B62D71CF701E800622D03 /* LocalPushManager.m */; };
		D35B62DA1CF71A6100622D03 /* CoreSpotlight.framework in Frameworks */ = {isa = PBXBuildFile; fileRef = D35B62D91CF71A6100622D03 /* CoreSpotlight.framework */; };
		D35B62E41CF7276700622D03 /* icon_web.png in Resources */ = {isa = PBXBuildFile; fileRef = D35B62E31CF7276700622D03 /* icon_web.png */; };
		D35B630E1CF7F63F00622D03 /* CoreSpotlightManager.m in Sources */ = {isa = PBXBuildFile; fileRef = D35B630D1CF7F63F00622D03 /* CoreSpotlightManager.m */; };
/* End PBXBuildFile section */

/* Begin PBXFileReference section */
		D35B62B51CF701A400622D03 /* LocalPush.app */ = {isa = PBXFileReference; explicitFileType = wrapper.application; includeInIndex = 0; path = LocalPush.app; sourceTree = BUILT_PRODUCTS_DIR; };
		D35B62B91CF701A400622D03 /* main.m */ = {isa = PBXFileReference; lastKnownFileType = sourcecode.c.objc; path = main.m; sourceTree = "<group>"; };
		D35B62BB1CF701A400622D03 /* AppDelegate.h */ = {isa = PBXFileReference; lastKnownFileType = sourcecode.c.h; path = AppDelegate.h; sourceTree = "<group>"; };
		D35B62BC1CF701A400622D03 /* AppDelegate.m */ = {isa = PBXFileReference; lastKnownFileType = sourcecode.c.objc; path = AppDelegate.m; sourceTree = "<group>"; };
		D35B62BE1CF701A400622D03 /* ViewController.h */ = {isa = PBXFileReference; lastKnownFileType = sourcecode.c.h; path = ViewController.h; sourceTree = "<group>"; };
		D35B62BF1CF701A400622D03 /* ViewController.m */ = {isa = PBXFileReference; lastKnownFileType = sourcecode.c.objc; path = ViewController.m; sourceTree = "<group>"; };
		D35B62C21CF701A400622D03 /* Base */ = {isa = PBXFileReference; lastKnownFileType = file.storyboard; name = Base; path = Base.lproj/Main.storyboard; sourceTree = "<group>"; };
		D35B62C51CF701A400622D03 /* LocalPush.xcdatamodel */ = {isa = PBXFileReference; lastKnownFileType = wrapper.xcdatamodel; path = LocalPush.xcdatamodel; sourceTree = "<group>"; };
		D35B62C71CF701A400622D03 /* Assets.xcassets */ = {isa = PBXFileReference; lastKnownFileType = folder.assetcatalog; path = Assets.xcassets; sourceTree = "<group>"; };
		D35B62CA1CF701A400622D03 /* Base */ = {isa = PBXFileReference; lastKnownFileType = file.storyboard; name = Base; path = Base.lproj/LaunchScreen.storyboard; sourceTree = "<group>"; };
		D35B62CC1CF701A400622D03 /* Info.plist */ = {isa = PBXFileReference; lastKnownFileType = text.plist.xml; path = Info.plist; sourceTree = "<group>"; };
		D35B62D61CF701E800622D03 /* LocalPushManager.h */ = {isa = PBXFileReference; fileEncoding = 4; lastKnownFileType = sourcecode.c.h; path = LocalPushManager.h; sourceTree = "<group>"; };
		D35B62D71CF701E800622D03 /* LocalPushManager.m */ = {isa = PBXFileReference; fileEncoding = 4; lastKnownFileType = sourcecode.c.objc; path = LocalPushManager.m; sourceTree = "<group>"; };
		D35B62D91CF71A6100622D03 /* CoreSpotlight.framework */ = {isa = PBXFileReference; lastKnownFileType = wrapper.framework; name = CoreSpotlight.framework; path = System/Library/Frameworks/CoreSpotlight.framework; sourceTree = SDKROOT; };
		D35B62E31CF7276700622D03 /* icon_web.png */ = {isa = PBXFileReference; lastKnownFileType = image.png; path = icon_web.png; sourceTree = "<group>"; };
		D35B630C1CF7F63F00622D03 /* CoreSpotlightManager.h */ = {isa = PBXFileReference; fileEncoding = 4; lastKnownFileType = sourcecode.c.h; path = CoreSpotlightManager.h; sourceTree = "<group>"; };
		D35B630D1CF7F63F00622D03 /* CoreSpotlightManager.m */ = {isa = PBXFileReference; fileEncoding = 4; lastKnownFileType = sourcecode.c.objc; path = CoreSpotlightManager.m; sourceTree = "<group>"; };
/* End PBXFileReference section */

/* Begin PBXFrameworksBuildPhase section */
		D35B62B21CF701A400622D03 /* Frameworks */ = {
			isa = PBXFrameworksBuildPhase;
			buildActionMask = 2147483647;
			files = (
				D35B62DA1CF71A6100622D03 /* CoreSpotlight.framework in Frameworks */,
			);
			runOnlyForDeploymentPostprocessing = 0;
		};
/* End PBXFrameworksBuildPhase section */

/* Begin PBXGroup section */
		D35B62AC1CF701A400622D03 = {
			isa = PBXGroup;
			children = (
				D35B62D91CF71A6100622D03 /* CoreSpotlight.framework */,
				D35B62B71CF701A400622D03 /* LocalPush */,
				D35B62B61CF701A400622D03 /* Products */,
			);
			sourceTree = "<group>";
		};
		D35B62B61CF701A400622D03 /* Products */ = {
			isa = PBXGroup;
			children = (
				D35B62B51CF701A400622D03 /* LocalPush.app */,
			);
			name = Products;
			sourceTree = "<group>";
		};
		D35B62B71CF701A400622D03 /* LocalPush */ = {
			isa = PBXGroup;
			children = (
				D35B630B1CF7F63F00622D03 /* Search */,
				D35B62D51CF701E800622D03 /* LocalPush */,
				D35B62BB1CF701A400622D03 /* AppDelegate.h */,
				D35B62BC1CF701A400622D03 /* AppDelegate.m */,
				D35B62BE1CF701A400622D03 /* ViewController.h */,
				D35B62BF1CF701A400622D03 /* ViewController.m */,
				D35B62E31CF7276700622D03 /* icon_web.png */,
				D35B62C11CF701A400622D03 /* Main.storyboard */,
				D35B62C71CF701A400622D03 /* Assets.xcassets */,
				D35B62C91CF701A400622D03 /* LaunchScreen.storyboard */,
				D35B62CC1CF701A400622D03 /* Info.plist */,
				D35B62C41CF701A400622D03 /* LocalPush.xcdatamodeld */,
				D35B62B81CF701A400622D03 /* Supporting Files */,
			);
			path = LocalPush;
			sourceTree = "<group>";
		};
		D35B62B81CF701A400622D03 /* Supporting Files */ = {
			isa = PBXGroup;
			children = (
				D35B62B91CF701A400622D03 /* main.m */,
			);
			name = "Supporting Files";
			sourceTree = "<group>";
		};
		D35B62D51CF701E800622D03 /* LocalPush */ = {
			isa = PBXGroup;
			children = (
				D35B62D61CF701E800622D03 /* LocalPushManager.h */,
				D35B62D71CF701E800622D03 /* LocalPushManager.m */,
			);
			path = LocalPush;
			sourceTree = "<group>";
		};
		D35B630B1CF7F63F00622D03 /* Search */ = {
			isa = PBXGroup;
			children = (
				D35B630C1CF7F63F00622D03 /* CoreSpotlightManager.h */,
				D35B630D1CF7F63F00622D03 /* CoreSpotlightManager.m */,
			);
			path = Search;
			sourceTree = "<group>";
		};
/* End PBXGroup section */

/* Begin PBXNativeTarget section */
		D35B62B41CF701A400622D03 /* LocalPush */ = {
			isa = PBXNativeTarget;
			buildConfigurationList = D35B62CF1CF701A400622D03 /* Build configuration list for PBXNativeTarget "LocalPush" */;
			buildPhases = (
				D35B62B11CF701A400622D03 /* Sources */,
				D35B62B21CF701A400622D03 /* Frameworks */,
				D35B62B31CF701A400622D03 /* Resources */,
			);
			buildRules = (
			);
			dependencies = (
			);
			name = LocalPush;
			productName = LocalPush;
			productReference = D35B62B51CF701A400622D03 /* LocalPush.app */;
			productType = "com.apple.product-type.application";
		};
/* End PBXNativeTarget section */

/* Begin PBXProject section */
		D35B62AD1CF701A400622D03 /* Project object */ = {
			isa = PBXProject;
			attributes = {
				LastUpgradeCheck = 0720;
				ORGANIZATIONNAME = ClaudeLi;
				TargetAttributes = {
					D35B62B41CF701A400622D03 = {
						CreatedOnToolsVersion = 7.2.1;
						DevelopmentTeam = H6FCNRM4Z4;
					};
				};
			};
			buildConfigurationList = D35B62B01CF701A400622D03 /* Build configuration list for PBXProject "LocalPush" */;
			compatibilityVersion = "Xcode 3.2";
			developmentRegion = English;
			hasScannedForEncodings = 0;
			knownRegions = (
				en,
				Base,
			);
			mainGroup = D35B62AC1CF701A400622D03;
			productRefGroup = D35B62B61CF701A400622D03 /* Products */;
			projectDirPath = "";
			projectRoot = "";
			targets = (
				D35B62B41CF701A400622D03 /* LocalPush */,
			);
		};
/* End PBXProject section */

/* Begin PBXResourcesBuildPhase section */
		D35B62B31CF701A400622D03 /* Resources */ = {
			isa = PBXResourcesBuildPhase;
			buildActionMask = 2147483647;
			files = (
				D35B62E41CF7276700622D03 /* icon_web.png in Resources */,
				D35B62CB1CF701A400622D03 /* LaunchScreen.storyboard in Resources */,
				D35B62C81CF701A400622D03 /* Assets.xcassets in Resources */,
				D35B62C31CF701A400622D03 /* Main.storyboard in Resources */,
			);
			runOnlyForDeploymentPostprocessing = 0;
		};
/* End PBXResourcesBuildPhase section */

/* Begin PBXSourcesBuildPhase section */
		D35B62B11CF701A400622D03 /* Sources */ = {
			isa = PBXSourcesBuildPhase;
			buildActionMask = 2147483647;
			files = (
				D35B62D81CF701E800622D03 /* LocalPushManager.m in Sources */,
				D35B630E1CF7F63F00622D03 /* CoreSpotlightManager.m in Sources */,
				D35B62C01CF701A400622D03 /* ViewController.m in Sources */,
				D35B62C61CF701A400622D03 /* LocalPush.xcdatamodeld in Sources */,
				D35B62BD1CF701A400622D03 /* AppDelegate.m in Sources */,
				D35B62BA1CF701A400622D03 /* main.m in Sources */,
			);
			runOnlyForDeploymentPostprocessing = 0;
		};
/* End PBXSourcesBuildPhase section */

/* Begin PBXVariantGroup section */
		D35B62C11CF701A400622D03 /* Main.storyboard */ = {
			isa = PBXVariantGroup;
			children = (
				D35B62C21CF701A400622D03 /* Base */,
			);
			name = Main.storyboard;
			sourceTree = "<group>";
		};
		D35B62C91CF701A400622D03 /* LaunchScreen.storyboard */ = {
			isa = PBXVariantGroup;
			children = (
				D35B62CA1CF701A400622D03 /* Base */,
			);
			name = LaunchScreen.storyboard;
			sourceTree = "<group>";
		};
/* End PBXVariantGroup section */

/* Begin XCBuildConfiguration section */
		D35B62CD1CF701A400622D03 /* Debug */ = {
			isa = XCBuildConfiguration;
			buildSettings = {
				ALWAYS_SEARCH_USER_PATHS = NO;
				CLANG_CXX_LANGUAGE_STANDARD = "gnu++0x";
				CLANG_CXX_LIBRARY = "libc++";
				CLANG_ENABLE_MODULES = YES;
				CLANG_ENABLE_OBJC_ARC = YES;
				CLANG_WARN_BOOL_CONVERSION = YES;
				CLANG_WARN_CONSTANT_CONVERSION = YES;
				CLANG_WARN_DIRECT_OBJC_ISA_USAGE = YES_ERROR;
				CLANG_WARN_EMPTY_BODY = YES;
				CLANG_WARN_ENUM_CONVERSION = YES;
				CLANG_WARN_INT_CONVERSION = YES;
				CLANG_WARN_OBJC_ROOT_CLASS = YES_ERROR;
				CLANG_WARN_UNREACHABLE_CODE = YES;
				CLANG_WARN__DUPLICATE_METHOD_MATCH = YES;
				"CODE_SIGN_IDENTITY[sdk=iphoneos*]" = "iPhone Developer";
				COPY_PHASE_STRIP = NO;
				DEBUG_INFORMATION_FORMAT = dwarf;
				ENABLE_STRICT_OBJC_MSGSEND = YES;
				ENABLE_TESTABILITY = YES;
				GCC_C_LANGUAGE_STANDARD = gnu99;
				GCC_DYNAMIC_NO_PIC = NO;
				GCC_NO_COMMON_BLOCKS = YES;
				GCC_OPTIMIZATION_LEVEL = 0;
				GCC_PREPROCESSOR_DEFINITIONS = (
					"DEBUG=1",
					"$(inherited)",
				);
				GCC_WARN_64_TO_32_BIT_CONVERSION = YES;
				GCC_WARN_ABOUT_RETURN_TYPE = YES_ERROR;
				GCC_WARN_UNDECLARED_SELECTOR = YES;
				GCC_WARN_UNINITIALIZED_AUTOS = YES_AGGRESSIVE;
				GCC_WARN_UNUSED_FUNCTION = YES;
				GCC_WARN_UNUSED_VARIABLE = YES;
				IPHONEOS_DEPLOYMENT_TARGET = 9.2;
				MTL_ENABLE_DEBUG_INFO = YES;
				ONLY_ACTIVE_ARCH = YES;
				SDKROOT = iphoneos;
				TARGETED_DEVICE_FAMILY = "1,2";
			};
			name = Debug;
		};
		D35B62CE1CF701A400622D03 /* Release */ = {
			isa = XCBuildConfiguration;
			buildSettings = {
				ALWAYS_SEARCH_USER_PATHS = NO;
				CLANG_CXX_LANGUAGE_STANDARD = "gnu++0x";
				CLANG_CXX_LIBRARY = "libc++";
				CLANG_ENABLE_MODULES = YES;
				CLANG_ENABLE_OBJC_ARC = YES;
				CLANG_WARN_BOOL_CONVERSION = YES;
				CLANG_WARN_CONSTANT_CONVERSION = YES;
				CLANG_WARN_DIRECT_OBJC_ISA_USAGE = YES_ERROR;
				CLANG_WARN_EMPTY_BODY = YES;
				CLANG_WARN_ENUM_CONVERSION = YES;
				CLANG_WARN_INT_CONVERSION = YES;
				CLANG_WARN_OBJC_ROOT_CLASS = YES_ERROR;
				CLANG_WARN_UNREACHABLE_CODE = YES;
				CLANG_WARN__DUPLICATE_METHOD_MATCH = YES;
				"CODE_SIGN_IDENTITY[sdk=iphoneos*]" = "iPhone Developer";
				COPY_PHASE_STRIP = NO;
				DEBUG_INFORMATION_FORMAT = "dwarf-with-dsym";
				ENABLE_NS_ASSERTIONS = NO;
				ENABLE_STRICT_OBJC_MSGSEND = YES;
				GCC_C_LANGUAGE_STANDARD = gnu99;
				GCC_NO_COMMON_BLOCKS = YES;
				GCC_WARN_64_TO_32_BIT_CONVERSION = YES;
				GCC_WARN_ABOUT_RETURN_TYPE = YES_ERROR;
				GCC_WARN_UNDECLARED_SELECTOR = YES;
				GCC_WARN_UNINITIALIZED_AUTOS = YES_AGGRESSIVE;
				GCC_WARN_UNUSED_FUNCTION = YES;
				GCC_WARN_UNUSED_VARIABLE = YES;
				IPHONEOS_DEPLOYMENT_TARGET = 9.2;
				MTL_ENABLE_DEBUG_INFO = NO;
				SDKROOT = iphoneos;
				TARGETED_DEVICE_FAMILY = "1,2";
				VALIDATE_PRODUCT = YES;
			};
			name = Release;
		};
		D35B62D01CF701A400622D03 /* Debug */ = {
			isa = XCBuildConfiguration;
			buildSettings = {
				ASSETCATALOG_COMPILER_APPICON_NAME = AppIcon;
				CODE_SIGN_IDENTITY = "iPhone Developer";
				INFOPLIST_FILE = LocalPush/Info.plist;
				IPHONEOS_DEPLOYMENT_TARGET = 7.0;
				LD_RUNPATH_SEARCH_PATHS = "$(inherited) @executable_path/Frameworks";
				PRODUCT_BUNDLE_IDENTIFIER = "";
				PRODUCT_NAME = "$(TARGET_NAME)";
				TARGETED_DEVICE_FAMILY = 1;
			};
			name = Debug;
		};
		D35B62D11CF701A400622D03 /* Release */ = {
			isa = XCBuildConfiguration;
			buildSettings = {
				ASSETCATALOG_COMPILER_APPICON_NAME = AppIcon;
				CODE_SIGN_IDENTITY = "iPhone Developer";
				INFOPLIST_FILE = LocalPush/Info.plist;
				IPHONEOS_DEPLOYMENT_TARGET = 7.0;
				LD_RUNPATH_SEARCH_PATHS = "$(inherited) @executable_path/Frameworks";
				PRODUCT_BUNDLE_IDENTIFIER = "";
				PRODUCT_NAME = "$(TARGET_NAME)";
				TARGETED_DEVICE_FAMILY = 1;
			};
			name = Release;
		};
/* End XCBuildConfiguration section */

/* Begin XCConfigurationList section */
		D35B62B01CF701A400622D03 /* Build configuration list for PBXProject "LocalPush" */ = {
			isa = XCConfigurationList;
			buildConfigurations = (
				D35B62CD1CF701A400622D03 /* Debug */,
				D35B62CE1CF701A400622D03 /* Release */,
			);
			defaultConfigurationIsVisible = 0;
			defaultConfigurationName = Release;
		};
		D35B62CF1CF701A400622D03 /* Build configuration list for PBXNativeTarget "LocalPush" */ = {
			isa = XCConfigurationList;
			buildConfigurations = (
				D35B62D01CF701A400622D03 /* Debug */,
				D35B62D11CF701A400622D03 /* Release */,
			);
			defaultConfigurationIsVisible = 0;
			defaultConfigurationName = Release;
		};
/* End XCConfigurationList section */

/* Begin XCVersionGroup section */
		D35B62C41CF701A400622D03 /* LocalPush.xcdatamodeld */ = {
			isa = XCVersionGroup;
			children = (
				D35B62C51CF701A400622D03 /* LocalPush.xcdatamodel */,
			);
			currentVersion = D35B62C51CF701A400622D03 /* LocalPush.xcdatamodel */;
			path = LocalPush.xcdatamodeld;
			sourceTree = "<group>";
			versionGroupType = wrapper.xcdatamodel;
		};
/* End XCVersionGroup section */
	};
	rootObject = D35B62AD1CF701A400622D03 /* Project object */;
}
